version: 5
environments:
  default:
    channels:
    - url: https://conda.anaconda.org/conda-forge/
    packages:
      linux-64:
      - conda: https://conda.anaconda.org/conda-forge/linux-64/_libgcc_mutex-0.1-conda_forge.tar.bz2
      - conda: https://conda.anaconda.org/conda-forge/linux-64/_openmp_mutex-4.5-2_gnu.tar.bz2
      - conda: https://conda.anaconda.org/conda-forge/noarch/_sysroot_linux-64_curr_repodata_hack-3-h69a702a_14.conda
      - conda: https://conda.anaconda.org/conda-forge/linux-64/binutils-2.40-h4852527_7.conda
      - conda: https://conda.anaconda.org/conda-forge/linux-64/binutils_impl_linux-64-2.40-ha1999f0_7.conda
      - conda: https://conda.anaconda.org/conda-forge/linux-64/binutils_linux-64-2.40-hb3c18ed_9.conda
      - conda: https://conda.anaconda.org/conda-forge/linux-64/c-compiler-1.7.0-hd590300_1.conda
      - conda: https://conda.anaconda.org/conda-forge/linux-64/compilers-1.7.0-ha770c72_1.conda
      - conda: https://conda.anaconda.org/conda-forge/linux-64/cxx-compiler-1.7.0-h00ab1b0_1.conda
      - conda: https://conda.anaconda.org/conda-forge/linux-64/fortran-compiler-1.7.0-heb67821_1.conda
      - conda: https://conda.anaconda.org/conda-forge/linux-64/gcc-12.3.0-h915e2ae_13.conda
      - conda: https://conda.anaconda.org/conda-forge/linux-64/gcc_impl_linux-64-12.3.0-h58ffeeb_13.conda
      - conda: https://conda.anaconda.org/conda-forge/linux-64/gcc_linux-64-12.3.0-h9528a6a_9.conda
      - conda: https://conda.anaconda.org/conda-forge/linux-64/gfortran-12.3.0-h915e2ae_13.conda
      - conda: https://conda.anaconda.org/conda-forge/linux-64/gfortran_impl_linux-64-12.3.0-h8f2110c_13.conda
      - conda: https://conda.anaconda.org/conda-forge/linux-64/gfortran_linux-64-12.3.0-h5877db1_9.conda
      - conda: https://conda.anaconda.org/conda-forge/linux-64/gxx-12.3.0-h915e2ae_13.conda
      - conda: https://conda.anaconda.org/conda-forge/linux-64/gxx_impl_linux-64-12.3.0-h2a574ab_13.conda
      - conda: https://conda.anaconda.org/conda-forge/linux-64/gxx_linux-64-12.3.0-ha28b414_9.conda
      - conda: https://conda.anaconda.org/conda-forge/noarch/kernel-headers_linux-64-4.18.0-he073ed8_2.conda
      - conda: https://conda.anaconda.org/conda-forge/linux-64/ld_impl_linux-64-2.40-hf3520f5_7.conda
      - conda: https://conda.anaconda.org/conda-forge/noarch/libgcc-devel_linux-64-12.3.0-h6b66f73_113.conda
      - conda: https://conda.anaconda.org/conda-forge/linux-64/libgcc-ng-14.1.0-h77fa898_0.conda
      - conda: https://conda.anaconda.org/conda-forge/linux-64/libgfortran5-14.1.0-hc5f4f2c_0.conda
      - conda: https://conda.anaconda.org/conda-forge/linux-64/libgomp-14.1.0-h77fa898_0.conda
      - conda: https://conda.anaconda.org/conda-forge/linux-64/libsanitizer-12.3.0-hb8811af_13.conda
      - conda: https://conda.anaconda.org/conda-forge/noarch/libstdcxx-devel_linux-64-12.3.0-h6b66f73_113.conda
      - conda: https://conda.anaconda.org/conda-forge/linux-64/libstdcxx-ng-14.1.0-hc0a3c3a_0.conda
      - conda: https://conda.anaconda.org/conda-forge/linux-64/libzlib-1.3.1-h4ab18f5_1.conda
      - conda: https://conda.anaconda.org/conda-forge/linux-64/rust-1.79.0-h0a17960_0.conda
      - conda: https://conda.anaconda.org/conda-forge/noarch/rust-std-x86_64-unknown-linux-gnu-1.79.0-h2c6d0dc_0.conda
      - conda: https://conda.anaconda.org/conda-forge/noarch/sysroot_linux-64-2.28-he073ed8_2.conda
      osx-arm64:
      - conda: https://conda.anaconda.org/conda-forge/osx-arm64/c-compiler-1.7.0-h6aa9301_1.conda
      - conda: https://conda.anaconda.org/conda-forge/osx-arm64/ca-certificates-2024.7.4-hf0a4a13_0.conda
      - conda: https://conda.anaconda.org/conda-forge/osx-arm64/cctools-986-h4faf515_0.conda
      - conda: https://conda.anaconda.org/conda-forge/osx-arm64/cctools_osx-arm64-986-h62378fb_0.conda
      - conda: https://conda.anaconda.org/conda-forge/osx-arm64/clang-16-16.0.6-default_h5c12605_9.conda
      - conda: https://conda.anaconda.org/conda-forge/osx-arm64/clang-16.0.6-default_h675cc0c_9.conda
      - conda: https://conda.anaconda.org/conda-forge/osx-arm64/clang_impl_osx-arm64-16.0.6-hc421ffc_16.conda
      - conda: https://conda.anaconda.org/conda-forge/osx-arm64/clang_osx-arm64-16.0.6-h54d7cd3_16.conda
      - conda: https://conda.anaconda.org/conda-forge/osx-arm64/clangxx-16.0.6-default_h675cc0c_9.conda
      - conda: https://conda.anaconda.org/conda-forge/osx-arm64/clangxx_impl_osx-arm64-16.0.6-hcd7bac0_16.conda
      - conda: https://conda.anaconda.org/conda-forge/osx-arm64/clangxx_osx-arm64-16.0.6-h54d7cd3_16.conda
      - conda: https://conda.anaconda.org/conda-forge/osx-arm64/compiler-rt-16.0.6-h3808999_2.conda
      - conda: https://conda.anaconda.org/conda-forge/noarch/compiler-rt_osx-arm64-16.0.6-h3808999_2.conda
      - conda: https://conda.anaconda.org/conda-forge/osx-arm64/compilers-1.7.0-hce30654_1.conda
      - conda: https://conda.anaconda.org/conda-forge/osx-arm64/cxx-compiler-1.7.0-h2ffa867_1.conda
      - conda: https://conda.anaconda.org/conda-forge/osx-arm64/fortran-compiler-1.7.0-hafb19e3_1.conda
      - conda: https://conda.anaconda.org/conda-forge/osx-arm64/gfortran-12.3.0-h1ca8e4b_1.conda
      - conda: https://conda.anaconda.org/conda-forge/osx-arm64/gfortran_impl_osx-arm64-12.3.0-h53ed385_3.conda
      - conda: https://conda.anaconda.org/conda-forge/osx-arm64/gfortran_osx-arm64-12.3.0-h57527a5_1.conda
      - conda: https://conda.anaconda.org/conda-forge/osx-arm64/gmp-6.3.0-h7bae524_2.conda
      - conda: https://conda.anaconda.org/conda-forge/osx-arm64/icu-73.2-hc8870d7_0.conda
      - conda: https://conda.anaconda.org/conda-forge/osx-arm64/isl-0.26-imath32_h347afa1_101.conda
      - conda: https://conda.anaconda.org/conda-forge/osx-arm64/ld64-711-h634c8be_0.conda
      - conda: https://conda.anaconda.org/conda-forge/osx-arm64/ld64_osx-arm64-711-ha4bd21c_0.conda
      - conda: https://conda.anaconda.org/conda-forge/osx-arm64/libclang-cpp16-16.0.6-default_h5c12605_9.conda
      - conda: https://conda.anaconda.org/conda-forge/osx-arm64/libcxx-17.0.6-h0812c0d_3.conda
      - conda: https://conda.anaconda.org/conda-forge/osx-arm64/libgfortran-5.0.0-13_2_0_hd922786_3.conda
      - conda: https://conda.anaconda.org/conda-forge/noarch/libgfortran-devel_osx-arm64-12.3.0-hc62be1c_3.conda
      - conda: https://conda.anaconda.org/conda-forge/osx-arm64/libgfortran5-13.2.0-hf226fd6_3.conda
      - conda: https://conda.anaconda.org/conda-forge/osx-arm64/libiconv-1.17-h0d3ecfb_2.conda
      - conda: https://conda.anaconda.org/conda-forge/osx-arm64/libllvm16-16.0.6-haab561b_3.conda
      - conda: https://conda.anaconda.org/conda-forge/osx-arm64/libxml2-2.12.7-ha661575_1.conda
      - conda: https://conda.anaconda.org/conda-forge/osx-arm64/libzlib-1.3.1-hfb2fe0b_1.conda
      - conda: https://conda.anaconda.org/conda-forge/osx-arm64/llvm-openmp-18.1.8-hde57baf_0.conda
      - conda: https://conda.anaconda.org/conda-forge/osx-arm64/llvm-tools-16.0.6-haab561b_3.conda
      - conda: https://conda.anaconda.org/conda-forge/osx-arm64/mpc-1.3.1-h91ba8db_0.conda
      - conda: https://conda.anaconda.org/conda-forge/osx-arm64/mpfr-4.2.1-h41d338b_1.conda
      - conda: https://conda.anaconda.org/conda-forge/osx-arm64/openssl-3.3.1-hfb2fe0b_1.conda
      - conda: https://conda.anaconda.org/conda-forge/osx-arm64/rust-1.79.0-h4ff7c5d_0.conda
      - conda: https://conda.anaconda.org/conda-forge/noarch/rust-std-aarch64-apple-darwin-1.79.0-hf6ec828_0.conda
      - conda: https://conda.anaconda.org/conda-forge/osx-arm64/sigtool-0.1.3-h44b9a77_0.tar.bz2
      - conda: https://conda.anaconda.org/conda-forge/osx-arm64/tapi-1100.0.11-he4954df_0.tar.bz2
      - conda: https://conda.anaconda.org/conda-forge/osx-arm64/xz-5.2.6-h57fd34a_0.tar.bz2
      - conda: https://conda.anaconda.org/conda-forge/osx-arm64/zlib-1.3.1-hfb2fe0b_1.conda
      - conda: https://conda.anaconda.org/conda-forge/osx-arm64/zstd-1.5.6-hb46c0d2_0.conda
packages:
- kind: conda
  name: _libgcc_mutex
  version: '0.1'
  build: conda_forge
  subdir: linux-64
  url: https://conda.anaconda.org/conda-forge/linux-64/_libgcc_mutex-0.1-conda_forge.tar.bz2
  sha256: fe51de6107f9edc7aa4f786a70f4a883943bc9d39b3bb7307c04c41410990726
  md5: d7c89558ba9fa0495403155b64376d81
  license: None
  size: 2562
  timestamp: 1578324546067
- kind: conda
  name: _openmp_mutex
  version: '4.5'
  build: 2_gnu
  build_number: 16
  subdir: linux-64
  url: https://conda.anaconda.org/conda-forge/linux-64/_openmp_mutex-4.5-2_gnu.tar.bz2
  sha256: fbe2c5e56a653bebb982eda4876a9178aedfc2b545f25d0ce9c4c0b508253d22
  md5: 73aaf86a425cc6e73fcf236a5a46396d
  depends:
  - _libgcc_mutex 0.1 conda_forge
  - libgomp >=7.5.0
  constrains:
  - openmp_impl 9999
  license: BSD-3-Clause
  license_family: BSD
  size: 23621
  timestamp: 1650670423406
- kind: conda
  name: _sysroot_linux-64_curr_repodata_hack
  version: '3'
  build: h69a702a_14
  build_number: 14
  subdir: noarch
  noarch: generic
  url: https://conda.anaconda.org/conda-forge/noarch/_sysroot_linux-64_curr_repodata_hack-3-h69a702a_14.conda
  sha256: 0dbeaddc3d5134b5336c52ac05642533b8d1ba2e1316aa92981f4cf5b5388de0
  md5: 38d211c448a67f12fe693fe25df4da23
  license: LGPL-2.0-or-later AND LGPL-2.0-or-later WITH exceptions AND GPL-2.0-or-later AND MPL-2.0
  license_family: GPL
  size: 21169
  timestamp: 1708000801681
- kind: conda
  name: binutils
  version: '2.40'
  build: h4852527_7
  build_number: 7
  subdir: linux-64
  url: https://conda.anaconda.org/conda-forge/linux-64/binutils-2.40-h4852527_7.conda
  sha256: 75d7f5cda999fe1efe9f1de1be2d3e4ce32b20cbf97d1ef7b770e2e90c062858
  md5: df53aa8418f8c289ae9b9665986034f8
  depends:
  - binutils_impl_linux-64 >=2.40,<2.41.0a0
  license: GPL-3.0-only
  license_family: GPL
  size: 31696
  timestamp: 1718625692046
- kind: conda
  name: binutils_impl_linux-64
  version: '2.40'
  build: ha1999f0_7
  build_number: 7
  subdir: linux-64
  url: https://conda.anaconda.org/conda-forge/linux-64/binutils_impl_linux-64-2.40-ha1999f0_7.conda
  sha256: 230f3136d17fdcf0e6da3a3ae59118570bc18106d79dd29bf2f341338d2a42c4
  md5: 3f840c7ed70a96b5ebde8044b2f36f32
  depends:
  - ld_impl_linux-64 2.40 hf3520f5_7
  - sysroot_linux-64
  license: GPL-3.0-only
  license_family: GPL
  size: 6250821
  timestamp: 1718625666382
- kind: conda
  name: binutils_linux-64
  version: '2.40'
  build: hb3c18ed_9
  build_number: 9
  subdir: linux-64
  url: https://conda.anaconda.org/conda-forge/linux-64/binutils_linux-64-2.40-hb3c18ed_9.conda
  sha256: b88a28156805c12e8ad363f49e27da26c176ed340b0f96cb9b6450bf7a6047f1
  md5: bb3fb8553a669828501e80d13b6bd744
  depends:
  - binutils_impl_linux-64 2.40.*
  - sysroot_linux-64
  license: BSD-3-Clause
  license_family: BSD
  size: 29318
  timestamp: 1719005261111
- kind: conda
  name: c-compiler
  version: 1.7.0
  build: h6aa9301_1
  build_number: 1
  subdir: osx-arm64
  url: https://conda.anaconda.org/conda-forge/osx-arm64/c-compiler-1.7.0-h6aa9301_1.conda
  sha256: dcff26a7e70681945955b6267306e6436b77bf83b34fa0fc81e3c96960c7a1db
  md5: c12b8656251acd221948e4970e8539d1
  depends:
  - cctools >=949.0.1
  - clang_osx-arm64 16.*
  - ld64 >=530
  - llvm-openmp
  license: BSD-3-Clause
  license_family: BSD
  size: 6411
  timestamp: 1714575604618
- kind: conda
  name: c-compiler
  version: 1.7.0
  build: hd590300_1
  build_number: 1
  subdir: linux-64
  url: https://conda.anaconda.org/conda-forge/linux-64/c-compiler-1.7.0-hd590300_1.conda
  sha256: 4213b6cbaed673c07f8b79c089f3487afdd56de944f21c4861ead862b7657eb4
  md5: e9dffe1056994133616378309f932d77
  depends:
  - binutils
  - gcc
  - gcc_linux-64 12.*
  license: BSD-3-Clause
  license_family: BSD
  size: 6324
  timestamp: 1714575511013
- kind: conda
  name: ca-certificates
  version: 2024.7.4
  build: hf0a4a13_0
  subdir: osx-arm64
  url: https://conda.anaconda.org/conda-forge/osx-arm64/ca-certificates-2024.7.4-hf0a4a13_0.conda
  sha256: 33a61116dae7f369b6ce92a7f2a1ff361ae737c675a493b11feb5570b89e0e3b
  md5: 21f9a33e5fe996189e470c19c5354dbe
  license: ISC
  size: 154517
  timestamp: 1720077468981
- kind: conda
  name: cctools
  version: '986'
  build: h4faf515_0
  subdir: osx-arm64
  url: https://conda.anaconda.org/conda-forge/osx-arm64/cctools-986-h4faf515_0.conda
  sha256: 505471dfa37dc42ba1a2c4cf65d4c4abe4c36164c8fcb0a375e3c4f3550ab3ee
  md5: d81c4480e8445b13129024191231e6c5
  depends:
  - cctools_osx-arm64 986 h62378fb_0
  - ld64 711 h634c8be_0
  - libllvm16 >=16.0.6,<16.1.0a0
  license: APSL-2.0
  license_family: Other
  size: 21683
  timestamp: 1710466813384
- kind: conda
  name: cctools_osx-arm64
  version: '986'
  build: h62378fb_0
  subdir: osx-arm64
  url: https://conda.anaconda.org/conda-forge/osx-arm64/cctools_osx-arm64-986-h62378fb_0.conda
  sha256: 35907653456fdd854b426060980025689670784c677e2bbecd2fcaf983cfa37c
  md5: cb85035a5eceb3a0d3becc1026dbb31d
  depends:
  - ld64_osx-arm64 >=711,<712.0a0
  - libcxx
  - libllvm16 >=16.0.6,<16.1.0a0
  - libzlib >=1.2.13,<2.0.0a0
  - sigtool
  constrains:
  - clang 16.0.*
  - ld64 711.*
  - cctools 986.*
  license: APSL-2.0
  license_family: Other
  size: 1127544
  timestamp: 1710466751857
- kind: conda
  name: clang
  version: 16.0.6
  build: default_h675cc0c_9
  build_number: 9
  subdir: osx-arm64
  url: https://conda.anaconda.org/conda-forge/osx-arm64/clang-16.0.6-default_h675cc0c_9.conda
  sha256: 18ab9e76cad7e4e0e270e144e95f855101392f2b98f7f755770d4183230b36d0
  md5: 69857936b4859caebecb5ae2cb95969a
  depends:
  - clang-16 16.0.6 default_h5c12605_9
  constrains:
  - clang-tools 16.0.6.*
  - llvm 16.0.6.*
  - llvm-tools 16.0.6.*
  - llvmdev 16.0.6.*
  license: Apache-2.0 WITH LLVM-exception
  license_family: Apache
  size: 84193
  timestamp: 1720101080713
- kind: conda
  name: clang-16
  version: 16.0.6
  build: default_h5c12605_9
  build_number: 9
  subdir: osx-arm64
  url: https://conda.anaconda.org/conda-forge/osx-arm64/clang-16-16.0.6-default_h5c12605_9.conda
  sha256: 235846274760aeef56512e2775998ab7c6f7f313ab7fb0d129d9b812e921fedd
  md5: 51f20b419e43701e31cf9d86c222c838
  depends:
  - __osx >=11.0
  - libclang-cpp16 16.0.6 default_h5c12605_9
  - libcxx >=16.0.6
  - libllvm16 >=16.0.6,<16.1.0a0
  constrains:
  - llvm-tools 16.0.6
  - clang-tools 16.0.6
  - clangdev 16.0.6
  - clangxx 16.0.6
  license: Apache-2.0 WITH LLVM-exception
  license_family: Apache
  size: 754380
  timestamp: 1720100966553
- kind: conda
  name: clang_impl_osx-arm64
  version: 16.0.6
  build: hc421ffc_16
  build_number: 16
  subdir: osx-arm64
  url: https://conda.anaconda.org/conda-forge/osx-arm64/clang_impl_osx-arm64-16.0.6-hc421ffc_16.conda
  sha256: d0d047ded7b79de5ec17602e597930c529b75d3ffe53da82459ab3c8e333c0ed
  md5: b660c3bb0ab66d2b6fa7aca7f8006d66
  depends:
  - cctools_osx-arm64
  - clang 16.0.6.*
  - compiler-rt 16.0.6.*
  - ld64_osx-arm64
  - llvm-tools 16.0.6.*
  license: BSD-3-Clause
  license_family: BSD
  size: 17605
  timestamp: 1717853934985
- kind: conda
  name: clang_osx-arm64
  version: 16.0.6
  build: h54d7cd3_16
  build_number: 16
  subdir: osx-arm64
  url: https://conda.anaconda.org/conda-forge/osx-arm64/clang_osx-arm64-16.0.6-h54d7cd3_16.conda
  sha256: afffff6f2626beff68ae3b607e7913c8304c664fa0408aa31424c4762a7b4604
  md5: 3c762404dea82945042fdeddfdd30db7
  depends:
  - clang_impl_osx-arm64 16.0.6 hc421ffc_16
  license: BSD-3-Clause
  license_family: BSD
  size: 20551
  timestamp: 1717853942222
- kind: conda
  name: clangxx
  version: 16.0.6
  build: default_h675cc0c_9
  build_number: 9
  subdir: osx-arm64
  url: https://conda.anaconda.org/conda-forge/osx-arm64/clangxx-16.0.6-default_h675cc0c_9.conda
  sha256: 68f51dfafd07398afc1b79da16f865cbd9519f562b2fe861f62ae77e48ae0a24
  md5: 33569c59e4553fbe9d0c9bca4a479ac9
  depends:
  - clang 16.0.6 default_h675cc0c_9
  license: Apache-2.0 WITH LLVM-exception
  license_family: Apache
  size: 84266
  timestamp: 1720101097432
- kind: conda
  name: clangxx_impl_osx-arm64
  version: 16.0.6
  build: hcd7bac0_16
  build_number: 16
  subdir: osx-arm64
  url: https://conda.anaconda.org/conda-forge/osx-arm64/clangxx_impl_osx-arm64-16.0.6-hcd7bac0_16.conda
  sha256: fa4eee1acae3f75cab747079dd176d3851061ef8a48c0259f1e5dc811defdc80
  md5: f323dae31f93f3187d554bc2b9135a9d
  depends:
  - clang_osx-arm64 16.0.6 h54d7cd3_16
  - clangxx 16.0.6.*
  - libcxx >=16
  - libllvm16 >=16.0.6,<16.1.0a0
  license: BSD-3-Clause
  license_family: BSD
  size: 17719
  timestamp: 1717853969767
- kind: conda
  name: clangxx_osx-arm64
  version: 16.0.6
  build: h54d7cd3_16
  build_number: 16
  subdir: osx-arm64
  url: https://conda.anaconda.org/conda-forge/osx-arm64/clangxx_osx-arm64-16.0.6-h54d7cd3_16.conda
  sha256: 6f8a17b0ad4ad011b4b8e95acffd334303ac46f7bde9c8d2007a79554ffde0eb
  md5: 55900cdf0cacb82151888086be0277b9
  depends:
  - clang_osx-arm64 16.0.6 h54d7cd3_16
  - clangxx_impl_osx-arm64 16.0.6 hcd7bac0_16
  license: BSD-3-Clause
  license_family: BSD
  size: 19333
  timestamp: 1717853977054
- kind: conda
  name: compiler-rt
  version: 16.0.6
  build: h3808999_2
  build_number: 2
  subdir: osx-arm64
  url: https://conda.anaconda.org/conda-forge/osx-arm64/compiler-rt-16.0.6-h3808999_2.conda
  sha256: 67f6883f37ea720f97d016c3384962d86ec8853e5f4b0065aa77e335ca80193e
  md5: 517f18b3260bb7a508d1f54a96e6285b
  depends:
  - clang 16.0.6.*
  - clangxx 16.0.6.*
  - compiler-rt_osx-arm64 16.0.6.*
  license: Apache-2.0 WITH LLVM-exception
  license_family: APACHE
  size: 93724
  timestamp: 1701467327657
- kind: conda
  name: compiler-rt_osx-arm64
  version: 16.0.6
  build: h3808999_2
  build_number: 2
  subdir: noarch
  noarch: generic
  url: https://conda.anaconda.org/conda-forge/noarch/compiler-rt_osx-arm64-16.0.6-h3808999_2.conda
  sha256: 61f1a10e6e8ec147f17c5e36cf1c2fe77ac6d1907b05443fa319fd59be20fa33
  md5: 8c7d77d888e1a218cccd9e82b1458ec6
  depends:
  - clang 16.0.6.*
  - clangxx 16.0.6.*
  constrains:
  - compiler-rt 16.0.6
  license: Apache-2.0 WITH LLVM-exception
  license_family: APACHE
  size: 9829914
  timestamp: 1701467293179
- kind: conda
  name: compilers
  version: 1.7.0
  build: ha770c72_1
  build_number: 1
  subdir: linux-64
  url: https://conda.anaconda.org/conda-forge/linux-64/compilers-1.7.0-ha770c72_1.conda
  sha256: f50660a6543c401448e435ff71a2849faae203e3362be7618d994b6baf345f12
  md5: d8d07866ac3b5b6937213c89a1874f08
  depends:
  - c-compiler 1.7.0 hd590300_1
  - cxx-compiler 1.7.0 h00ab1b0_1
  - fortran-compiler 1.7.0 heb67821_1
  license: BSD-3-Clause
  license_family: BSD
  size: 7129
  timestamp: 1714575517071
- kind: conda
  name: compilers
  version: 1.7.0
  build: hce30654_1
  build_number: 1
  subdir: osx-arm64
  url: https://conda.anaconda.org/conda-forge/osx-arm64/compilers-1.7.0-hce30654_1.conda
  sha256: b0cf5dacb676036dfdb077ddb942dbe507559d1c32a44413e0836d2d8d3afe5d
  md5: 6230cc3ee9d9546dea4bf0b703614a93
  depends:
  - c-compiler 1.7.0 h6aa9301_1
  - cxx-compiler 1.7.0 h2ffa867_1
  - fortran-compiler 1.7.0 hafb19e3_1
  license: BSD-3-Clause
  license_family: BSD
  size: 7261
  timestamp: 1714575637236
- kind: conda
  name: cxx-compiler
  version: 1.7.0
  build: h00ab1b0_1
  build_number: 1
  subdir: linux-64
  url: https://conda.anaconda.org/conda-forge/linux-64/cxx-compiler-1.7.0-h00ab1b0_1.conda
  sha256: cf895938292cfd4cfa2a06c6d57aa25c33cc974d4ffe52e704ffb67f5577b93f
  md5: 28de2e073db9ca9b72858bee9fb6f571
  depends:
  - c-compiler 1.7.0 hd590300_1
  - gxx
  - gxx_linux-64 12.*
  license: BSD-3-Clause
  license_family: BSD
  size: 6283
  timestamp: 1714575513327
- kind: conda
  name: cxx-compiler
  version: 1.7.0
  build: h2ffa867_1
  build_number: 1
  subdir: osx-arm64
  url: https://conda.anaconda.org/conda-forge/osx-arm64/cxx-compiler-1.7.0-h2ffa867_1.conda
  sha256: c07de4bdfcae8e0a589d360b79ae50f8f183fe698bc400b609c5e5d1f26e8b0f
  md5: f75f0313233f50a6a58f7444a1c725a9
  depends:
  - c-compiler 1.7.0 h6aa9301_1
  - clangxx_osx-arm64 16.*
  license: BSD-3-Clause
  license_family: BSD
  size: 6442
  timestamp: 1714575634473
- kind: conda
  name: fortran-compiler
  version: 1.7.0
  build: hafb19e3_1
  build_number: 1
  subdir: osx-arm64
  url: https://conda.anaconda.org/conda-forge/osx-arm64/fortran-compiler-1.7.0-hafb19e3_1.conda
  sha256: fe78e4d172605c23c359deaca792bc23143d36be445d3f035313c996f5cd8024
  md5: 1a73d464ce1a60f2f103d41455158731
  depends:
  - cctools >=949.0.1
  - gfortran
  - gfortran_osx-arm64 12.*
  - ld64 >=530
  - llvm-openmp
  license: BSD-3-Clause
  license_family: BSD
  size: 6480
  timestamp: 1714575630136
- kind: conda
  name: fortran-compiler
  version: 1.7.0
  build: heb67821_1
  build_number: 1
  subdir: linux-64
  url: https://conda.anaconda.org/conda-forge/linux-64/fortran-compiler-1.7.0-heb67821_1.conda
  sha256: 4293677cdf4c54d13659a3f9ac15cae778310811c62add29bb2e70630756317a
  md5: cf4b0e7c4c78bb0662aed9b27c414a3c
  depends:
  - binutils
  - c-compiler 1.7.0 hd590300_1
  - gfortran
  - gfortran_linux-64 12.*
  license: BSD-3-Clause
  license_family: BSD
  size: 6300
  timestamp: 1714575515211
- kind: conda
  name: gcc
  version: 12.3.0
  build: h915e2ae_13
  build_number: 13
  subdir: linux-64
  url: https://conda.anaconda.org/conda-forge/linux-64/gcc-12.3.0-h915e2ae_13.conda
  sha256: 4f1f5bd8d0c5be91158d6e25fe1a183bb63d64b76da14ca6c619d5702fa112d8
  md5: e42d156a1e3dd5651c89d7606b5a4a45
  depends:
  - gcc_impl_linux-64 12.3.0.*
  license: BSD-3-Clause
  license_family: BSD
  size: 50277
  timestamp: 1719179035515
- kind: conda
  name: gcc_impl_linux-64
  version: 12.3.0
  build: h58ffeeb_13
  build_number: 13
  subdir: linux-64
  url: https://conda.anaconda.org/conda-forge/linux-64/gcc_impl_linux-64-12.3.0-h58ffeeb_13.conda
  sha256: a6039b425279c4e080ac019d393ccb1b082698d48b83ec5660d96ef3c849b6a9
  md5: 93325fff774c4cc8dcc8c65039cb4646
  depends:
  - binutils_impl_linux-64 >=2.40
  - libgcc-devel_linux-64 12.3.0 h6b66f73_113
  - libgcc-ng >=12.3.0
  - libgomp >=12.3.0
  - libsanitizer 12.3.0 hb8811af_13
  - libstdcxx-ng >=12.3.0
  - sysroot_linux-64
  license: GPL-3.0-only WITH GCC-exception-3.1
  license_family: GPL
  size: 60448133
  timestamp: 1719178921864
- kind: conda
  name: gcc_linux-64
  version: 12.3.0
  build: h9528a6a_9
  build_number: 9
  subdir: linux-64
  url: https://conda.anaconda.org/conda-forge/linux-64/gcc_linux-64-12.3.0-h9528a6a_9.conda
  sha256: e8f7b8dbe97b6115d212fa9e2b9a53b960db09fd9bc5fb903e401f35507f161f
  md5: 954881ce9897d01c7c2031fb93ed366b
  depends:
  - binutils_linux-64 2.40 hb3c18ed_9
  - gcc_impl_linux-64 12.3.0.*
  - sysroot_linux-64
  license: BSD-3-Clause
  license_family: BSD
  size: 31482
  timestamp: 1719005657097
- kind: conda
  name: gfortran
  version: 12.3.0
  build: h1ca8e4b_1
  build_number: 1
  subdir: osx-arm64
  url: https://conda.anaconda.org/conda-forge/osx-arm64/gfortran-12.3.0-h1ca8e4b_1.conda
  sha256: 5944ff2f751f68e16882bb970be0a8c62a4f7cd7f3ca5ccec6fd237a4d9e3200
  md5: 158beb35b98f5bd8e74ffe9f3af1cb29
  depends:
  - cctools
  - gfortran_osx-arm64 12.3.0
  - ld64
  license: GPL-3.0-or-later WITH GCC-exception-3.1
  license_family: GPL
  size: 31942
  timestamp: 1692106730571
- kind: conda
  name: gfortran
  version: 12.3.0
  build: h915e2ae_13
  build_number: 13
  subdir: linux-64
  url: https://conda.anaconda.org/conda-forge/linux-64/gfortran-12.3.0-h915e2ae_13.conda
  sha256: b5b181a4bed88036cf9b8a1476c0fe62fd6e7f8d7408507dd68861dee55775bf
  md5: da3ce6140908b41fb8fb205104b54ae6
  depends:
  - gcc 12.3.0.*
  - gcc_impl_linux-64 12.3.0.*
  - gfortran_impl_linux-64 12.3.0.*
  license: BSD-3-Clause
  license_family: BSD
  size: 49753
  timestamp: 1719179146586
- kind: conda
  name: gfortran_impl_linux-64
  version: 12.3.0
  build: h8f2110c_13
  build_number: 13
  subdir: linux-64
  url: https://conda.anaconda.org/conda-forge/linux-64/gfortran_impl_linux-64-12.3.0-h8f2110c_13.conda
  sha256: a99c9bc4cf9883647b0abc25511ece611fd9cb96a1560b35fff5385a06059509
  md5: 96471c6bcf708822422bd9f78dbecc3b
  depends:
  - gcc_impl_linux-64 >=12.3.0
  - libgcc-ng >=12.3.0
  - libgfortran5 >=12.3.0
  - libstdcxx-ng >=12.3.0
  - sysroot_linux-64
  license: GPL-3.0-only WITH GCC-exception-3.1
  license_family: GPL
  size: 15251464
  timestamp: 1719179082910
- kind: conda
  name: gfortran_impl_osx-arm64
  version: 12.3.0
  build: h53ed385_3
  build_number: 3
  subdir: osx-arm64
  url: https://conda.anaconda.org/conda-forge/osx-arm64/gfortran_impl_osx-arm64-12.3.0-h53ed385_3.conda
  sha256: 92eab044acd11534a17df1c8666b6bb042c32916fcb705b64456c0f2b280d298
  md5: e2dcec0c1129911a3e922b83042a0f38
  depends:
  - gmp >=6.3.0,<7.0a0
  - isl 0.26.*
  - libcxx >=16
  - libgfortran-devel_osx-arm64 12.3.0.*
  - libgfortran5 >=12.3.0
  - libiconv >=1.17,<2.0a0
  - libzlib >=1.2.13,<2.0.0a0
  - mpc >=1.3.1,<2.0a0
  - mpfr >=4.2.1,<5.0a0
  - zlib
  license: GPL-3.0-only WITH GCC-exception-3.1
  license_family: GPL
  size: 17385653
  timestamp: 1707329842729
- kind: conda
  name: gfortran_linux-64
  version: 12.3.0
  build: h5877db1_9
  build_number: 9
  subdir: linux-64
  url: https://conda.anaconda.org/conda-forge/linux-64/gfortran_linux-64-12.3.0-h5877db1_9.conda
  sha256: 62c99e466d1e034d22f2e57c0e95101a92f467824e18cfdedbdc18866d5ae063
  md5: d77e515e624f3edb33ac89997322b5a8
  depends:
  - binutils_linux-64 2.40 hb3c18ed_9
  - gcc_linux-64 12.3.0 h9528a6a_9
  - gfortran_impl_linux-64 12.3.0.*
  - sysroot_linux-64
  license: BSD-3-Clause
  license_family: BSD
  size: 29844
  timestamp: 1719005671135
- kind: conda
  name: gfortran_osx-arm64
  version: 12.3.0
  build: h57527a5_1
  build_number: 1
  subdir: osx-arm64
  url: https://conda.anaconda.org/conda-forge/osx-arm64/gfortran_osx-arm64-12.3.0-h57527a5_1.conda
  sha256: 45b2b76f6db8f6e150239761d3ee2b64d94628c3bf65af0a09924bbfdb8d16e6
  md5: 7d8ce258d478b7dbcc2728168a6959a1
  depends:
  - cctools_osx-arm64
  - clang
  - clang_osx-arm64
  - gfortran_impl_osx-arm64 12.3.0
  - ld64_osx-arm64
  - libgfortran 5.*
  - libgfortran-devel_osx-arm64 12.3.0
  - libgfortran5 >=12.3.0
  license: GPL-3.0-or-later WITH GCC-exception-3.1
  license_family: GPL
  size: 35073
  timestamp: 1692106707604
- kind: conda
  name: gmp
  version: 6.3.0
  build: h7bae524_2
  build_number: 2
  subdir: osx-arm64
  url: https://conda.anaconda.org/conda-forge/osx-arm64/gmp-6.3.0-h7bae524_2.conda
  sha256: 76e222e072d61c840f64a44e0580c2503562b009090f55aa45053bf1ccb385dd
  md5: eed7278dfbab727b56f2c0b64330814b
  depends:
  - __osx >=11.0
  - libcxx >=16
  license: GPL-2.0-or-later OR LGPL-3.0-or-later
  size: 365188
  timestamp: 1718981343258
- kind: conda
  name: gxx
  version: 12.3.0
  build: h915e2ae_13
  build_number: 13
  subdir: linux-64
  url: https://conda.anaconda.org/conda-forge/linux-64/gxx-12.3.0-h915e2ae_13.conda
  sha256: fb1d5d87be5d23b2eaab45afcd62560ffda12ba870a3c1a2da6293dd8d5d4587
  md5: c3a3cf9cf544bd621a18add719056529
  depends:
  - gcc 12.3.0.*
  - gxx_impl_linux-64 12.3.0.*
  license: BSD-3-Clause
  license_family: BSD
  size: 49768
  timestamp: 1719179155160
- kind: conda
  name: gxx_impl_linux-64
  version: 12.3.0
  build: h2a574ab_13
  build_number: 13
  subdir: linux-64
  url: https://conda.anaconda.org/conda-forge/linux-64/gxx_impl_linux-64-12.3.0-h2a574ab_13.conda
  sha256: 34225c17afdd49219220d9fad1bc5b0b1bdc01c5e2faa8eb75f4fe471758bdc1
  md5: bb4fe41bc0584a3f6d3026634170c330
  depends:
  - gcc_impl_linux-64 12.3.0 h58ffeeb_13
  - libstdcxx-devel_linux-64 12.3.0 h6b66f73_113
  - sysroot_linux-64
  license: GPL-3.0-only WITH GCC-exception-3.1
  license_family: GPL
  size: 13026295
  timestamp: 1719179120068
- kind: conda
  name: gxx_linux-64
  version: 12.3.0
  build: ha28b414_9
  build_number: 9
  subdir: linux-64
  url: https://conda.anaconda.org/conda-forge/linux-64/gxx_linux-64-12.3.0-ha28b414_9.conda
  sha256: 8e1068c185f0558933a7d7aa1fb1d310ac3e1acf219f4926925733a8c333971a
  md5: 26155c2e3afafee809654f86f434c234
  depends:
  - binutils_linux-64 2.40 hb3c18ed_9
  - gcc_linux-64 12.3.0 h9528a6a_9
  - gxx_impl_linux-64 12.3.0.*
  - sysroot_linux-64
  license: BSD-3-Clause
  license_family: BSD
  size: 29822
  timestamp: 1719005674606
- kind: conda
  name: icu
  version: '73.2'
  build: hc8870d7_0
  subdir: osx-arm64
  url: https://conda.anaconda.org/conda-forge/osx-arm64/icu-73.2-hc8870d7_0.conda
  sha256: ff9cd0c6cd1349954c801fb443c94192b637e1b414514539f3c49c56a39f51b1
  md5: 8521bd47c0e11c5902535bb1a17c565f
  license: MIT
  license_family: MIT
  size: 11997841
  timestamp: 1692902104771
- kind: conda
  name: isl
  version: '0.26'
  build: imath32_h347afa1_101
  build_number: 101
  subdir: osx-arm64
  url: https://conda.anaconda.org/conda-forge/osx-arm64/isl-0.26-imath32_h347afa1_101.conda
  sha256: fc9272371750c56908b8e535755b1e23cf7803a2cc4a7d9ae539347baa14f740
  md5: e80e44a3f4862b1da870dc0557f8cf3b
  depends:
  - libcxx >=14.0.6
  track_features:
  - isl_imath-32
  license: MIT
  license_family: MIT
  size: 819937
  timestamp: 1680649567633
- kind: conda
  name: kernel-headers_linux-64
  version: 4.18.0
  build: he073ed8_2
  build_number: 2
  subdir: noarch
  noarch: generic
  url: https://conda.anaconda.org/conda-forge/noarch/kernel-headers_linux-64-4.18.0-he073ed8_2.conda
  sha256: a66f71d354bcc0890f683cc0183b2c66c846c3af630c4cdd88eb54d1d17afb3f
  md5: 53dce80e1e9c697ef06e17cad8f18786
  depends:
  - _sysroot_linux-64_curr_repodata_hack 3.*
  constrains:
  - sysroot_linux-64 ==2.28
  license: LGPL-2.0-or-later AND LGPL-2.0-or-later WITH exceptions AND GPL-2.0-or-later AND MPL-2.0
  license_family: GPL
  size: 1258066
  timestamp: 1711086600855
- kind: conda
  name: ld64
  version: '711'
  build: h634c8be_0
  subdir: osx-arm64
  url: https://conda.anaconda.org/conda-forge/osx-arm64/ld64-711-h634c8be_0.conda
  sha256: bf1fa905f08aa2044d5ca9a387c4d626c1b92a81773665268e87cf03a4db1159
  md5: 5fb1c87739bf8f52d36cb001248e29b6
  depends:
  - ld64_osx-arm64 711 ha4bd21c_0
  - libllvm16 >=16.0.6,<16.1.0a0
  constrains:
  - cctools 986.*
  - cctools_osx-arm64 986.*
  license: APSL-2.0
  license_family: Other
  size: 18884
  timestamp: 1710466784602
- kind: conda
  name: ld64_osx-arm64
  version: '711'
  build: ha4bd21c_0
  subdir: osx-arm64
  url: https://conda.anaconda.org/conda-forge/osx-arm64/ld64_osx-arm64-711-ha4bd21c_0.conda
  sha256: f27b661fa4cac5b351ed4ee0ec8c8baf27c2f982309a453968418438c8197450
  md5: 38abda2ba1128fdde7b7108cc36a9d99
  depends:
  - libcxx
  - libllvm16 >=16.0.6,<16.1.0a0
  - sigtool
  - tapi >=1100.0.11,<1101.0a0
  constrains:
  - ld 711.*
  - clang >=16.0.6,<17.0a0
  - cctools 986.*
  - cctools_osx-arm64 986.*
  license: APSL-2.0
  license_family: Other
  size: 1066358
  timestamp: 1710466668466
- kind: conda
  name: ld_impl_linux-64
  version: '2.40'
  build: hf3520f5_7
  build_number: 7
  subdir: linux-64
  url: https://conda.anaconda.org/conda-forge/linux-64/ld_impl_linux-64-2.40-hf3520f5_7.conda
  sha256: 764b6950aceaaad0c67ef925417594dd14cd2e22fff864aeef455ac259263d15
  md5: b80f2f396ca2c28b8c14c437a4ed1e74
  constrains:
  - binutils_impl_linux-64 2.40
  license: GPL-3.0-only
  license_family: GPL
  size: 707602
  timestamp: 1718625640445
- kind: conda
  name: libclang-cpp16
  version: 16.0.6
  build: default_h5c12605_9
  build_number: 9
  subdir: osx-arm64
  url: https://conda.anaconda.org/conda-forge/osx-arm64/libclang-cpp16-16.0.6-default_h5c12605_9.conda
  sha256: d2f27de1a9fa1b547b27b81351360a0d618ed33bf11a58cdbe430ddc24a451ff
  md5: a6f0bff2a459cc2527f8f9ad32c6dde3
  depends:
  - __osx >=11.0
  - libcxx >=16.0.6
  - libllvm16 >=16.0.6,<16.1.0a0
  license: Apache-2.0 WITH LLVM-exception
  license_family: Apache
  size: 11912918
  timestamp: 1720100491557
- kind: conda
  name: libcxx
  version: 17.0.6
  build: h0812c0d_3
  build_number: 3
  subdir: osx-arm64
  url: https://conda.anaconda.org/conda-forge/osx-arm64/libcxx-17.0.6-h0812c0d_3.conda
  sha256: a0568191ad6dc889d5482f7858e501f94d50139d1a0ef96434047fa34599e9a4
  md5: bb3540fadfee3013271e4323c8cb1ade
  depends:
  - __osx >=11.0
  license: Apache-2.0 WITH LLVM-exception
  license_family: Apache
  size: 1250190
  timestamp: 1720040315257
- kind: conda
  name: libgcc-devel_linux-64
  version: 12.3.0
  build: h6b66f73_113
  build_number: 113
  subdir: noarch
  noarch: generic
  url: https://conda.anaconda.org/conda-forge/noarch/libgcc-devel_linux-64-12.3.0-h6b66f73_113.conda
  sha256: 60c21686f4a715106fba21b1c22401710fd9f288a6402d6fdc65aa14e66e0ec7
  md5: 7fc690ec9db2902e5ee90cebfdab31e7
  depends:
  - __unix
  license: GPL-3.0-only WITH GCC-exception-3.1
  license_family: GPL
  size: 2554344
  timestamp: 1719178746950
- kind: conda
  name: libgcc-ng
  version: 14.1.0
  build: h77fa898_0
  subdir: linux-64
  url: https://conda.anaconda.org/conda-forge/linux-64/libgcc-ng-14.1.0-h77fa898_0.conda
  sha256: b8e869ac96591cda2704bf7e77a301025e405227791a0bddf14a3dac65125538
  md5: ca0fad6a41ddaef54a153b78eccb5037
  depends:
  - _libgcc_mutex 0.1 conda_forge
  - _openmp_mutex >=4.5
  constrains:
  - libgomp 14.1.0 h77fa898_0
  license: GPL-3.0-only WITH GCC-exception-3.1
  license_family: GPL
  size: 842109
  timestamp: 1719538896937
- kind: conda
  name: libgfortran
  version: 5.0.0
  build: 13_2_0_hd922786_3
  build_number: 3
  subdir: osx-arm64
  url: https://conda.anaconda.org/conda-forge/osx-arm64/libgfortran-5.0.0-13_2_0_hd922786_3.conda
  sha256: 44e541b4821c96b28b27fef5630883a60ce4fee91fd9c79f25a199f8f73f337b
  md5: 4a55d9e169114b2b90d3ec4604cd7bbf
  depends:
  - libgfortran5 13.2.0 hf226fd6_3
  license: GPL-3.0-only WITH GCC-exception-3.1
  license_family: GPL
  size: 110233
  timestamp: 1707330749033
- kind: conda
  name: libgfortran-devel_osx-arm64
  version: 12.3.0
  build: hc62be1c_3
  build_number: 3
  subdir: noarch
  noarch: generic
  url: https://conda.anaconda.org/conda-forge/noarch/libgfortran-devel_osx-arm64-12.3.0-hc62be1c_3.conda
  sha256: c403832e71e74b128f3c0f17f94080af89a32f374d8607db4e8d3b7e47ad71dc
  md5: 0da2eb10fdfde6b4fc5cf91e0a99d29a
  license: GPL-3.0-only WITH GCC-exception-3.1
  license_family: GPL
  size: 380238
  timestamp: 1707329807507
- kind: conda
  name: libgfortran5
  version: 13.2.0
  build: hf226fd6_3
  build_number: 3
  subdir: osx-arm64
  url: https://conda.anaconda.org/conda-forge/osx-arm64/libgfortran5-13.2.0-hf226fd6_3.conda
  sha256: bafc679eedb468a86aa4636061c55966186399ee0a04b605920d208d97ac579a
  md5: 66ac81d54e95c534ae488726c1f698ea
  depends:
  - llvm-openmp >=8.0.0
  constrains:
  - libgfortran 5.0.0 13_2_0_*_3
  license: GPL-3.0-only WITH GCC-exception-3.1
  license_family: GPL
  size: 997381
  timestamp: 1707330687590
- kind: conda
  name: libgfortran5
  version: 14.1.0
  build: hc5f4f2c_0
  subdir: linux-64
  url: https://conda.anaconda.org/conda-forge/linux-64/libgfortran5-14.1.0-hc5f4f2c_0.conda
  sha256: a67d66b1e60a8a9a9e4440cee627c959acb4810cb182e089a4b0729bfdfbdf90
  md5: 6456c2620c990cd8dde2428a27ba0bc5
  depends:
  - libgcc-ng >=14.1.0
  constrains:
  - libgfortran-ng 14.1.0
  license: GPL-3.0-only WITH GCC-exception-3.1
  license_family: GPL
  size: 1457561
  timestamp: 1719538909168
- kind: conda
  name: libgomp
  version: 14.1.0
  build: h77fa898_0
  subdir: linux-64
  url: https://conda.anaconda.org/conda-forge/linux-64/libgomp-14.1.0-h77fa898_0.conda
  sha256: 7699df61a1f6c644b3576a40f54791561f2845983120477a16116b951c9cdb05
  md5: ae061a5ed5f05818acdf9adab72c146d
  depends:
  - _libgcc_mutex 0.1 conda_forge
  license: GPL-3.0-only WITH GCC-exception-3.1
  license_family: GPL
  size: 456925
  timestamp: 1719538796073
- kind: conda
  name: libiconv
  version: '1.17'
  build: h0d3ecfb_2
  build_number: 2
  subdir: osx-arm64
  url: https://conda.anaconda.org/conda-forge/osx-arm64/libiconv-1.17-h0d3ecfb_2.conda
  sha256: bc7de5097b97bcafcf7deaaed505f7ce02f648aac8eccc0d5a47cc599a1d0304
  md5: 69bda57310071cf6d2b86caf11573d2d
  license: LGPL-2.1-only
  size: 676469
  timestamp: 1702682458114
- kind: conda
  name: libllvm16
  version: 16.0.6
  build: haab561b_3
  build_number: 3
  subdir: osx-arm64
  url: https://conda.anaconda.org/conda-forge/osx-arm64/libllvm16-16.0.6-haab561b_3.conda
  sha256: f240f3776b02c39a32ce7397d6f2de072510321c835f4def452fc62e5c3babc0
  md5: 9900d62ede9ce25b569beeeab1da094e
  depends:
  - libcxx >=16
  - libxml2 >=2.12.1,<3.0.0a0
  - libzlib >=1.2.13,<2.0.0a0
  - zstd >=1.5.5,<1.6.0a0
  license: Apache-2.0 WITH LLVM-exception
  license_family: Apache
  size: 23347663
  timestamp: 1701374993634
- kind: conda
  name: libsanitizer
  version: 12.3.0
  build: hb8811af_13
  build_number: 13
  subdir: linux-64
  url: https://conda.anaconda.org/conda-forge/linux-64/libsanitizer-12.3.0-hb8811af_13.conda
  sha256: 78e8578e875fddcd96d626f7ceebe1cda167c2435a87bacf15c2f02ae966ffcf
  md5: 448dc960d50a75e8286b8427028ec56e
  depends:
  - libgcc-ng >=12.3.0
  - libstdcxx-ng >=12.3.0
  license: GPL-3.0-only WITH GCC-exception-3.1
  license_family: GPL
  size: 3899794
  timestamp: 1719178878574
- kind: conda
  name: libstdcxx-devel_linux-64
  version: 12.3.0
  build: h6b66f73_113
  build_number: 113
  subdir: noarch
  noarch: generic
  url: https://conda.anaconda.org/conda-forge/noarch/libstdcxx-devel_linux-64-12.3.0-h6b66f73_113.conda
  sha256: d1993225de21943f76a3cc5cb7d55f88be225001a988068e673171bed130d180
  md5: 3706e34877bd82d04cb1e9e9baeb2739
  depends:
  - __unix
  license: GPL-3.0-only WITH GCC-exception-3.1
  license_family: GPL
  size: 11903538
  timestamp: 1719178792322
- kind: conda
  name: libstdcxx-ng
  version: 14.1.0
  build: hc0a3c3a_0
  subdir: linux-64
  url: https://conda.anaconda.org/conda-forge/linux-64/libstdcxx-ng-14.1.0-hc0a3c3a_0.conda
  sha256: 88c42b388202ffe16adaa337e36cf5022c63cf09b0405cf06fc6aeacccbe6146
  md5: 1cb187a157136398ddbaae90713e2498
  depends:
  - libgcc-ng 14.1.0 h77fa898_0
  license: GPL-3.0-only WITH GCC-exception-3.1
  license_family: GPL
  size: 3881307
  timestamp: 1719538923443
- kind: conda
  name: libxml2
  version: 2.12.7
  build: ha661575_1
  build_number: 1
  subdir: osx-arm64
  url: https://conda.anaconda.org/conda-forge/osx-arm64/libxml2-2.12.7-ha661575_1.conda
  sha256: 0ea12032b53d3767564a058ccd5208c0a1724ed2f8074dd22257ff3859ea6a4e
  md5: 8ea71a74847498c793b0a8e9054a177a
  depends:
  - __osx >=11.0
  - icu >=73.2,<74.0a0
  - libiconv >=1.17,<2.0a0
  - libzlib >=1.2.13,<2.0a0
  - xz >=5.2.6,<6.0a0
  license: MIT
  license_family: MIT
  size: 588487
  timestamp: 1717546487246
- kind: conda
  name: libzlib
  version: 1.3.1
  build: h4ab18f5_1
  build_number: 1
  subdir: linux-64
  url: https://conda.anaconda.org/conda-forge/linux-64/libzlib-1.3.1-h4ab18f5_1.conda
  sha256: adf6096f98b537a11ae3729eaa642b0811478f0ea0402ca67b5108fe2cb0010d
  md5: 57d7dc60e9325e3de37ff8dffd18e814
  depends:
  - libgcc-ng >=12
  constrains:
  - zlib 1.3.1 *_1
  license: Zlib
  license_family: Other
  size: 61574
  timestamp: 1716874187109
- kind: conda
  name: libzlib
  version: 1.3.1
  build: hfb2fe0b_1
  build_number: 1
  subdir: osx-arm64
  url: https://conda.anaconda.org/conda-forge/osx-arm64/libzlib-1.3.1-hfb2fe0b_1.conda
  sha256: c34365dd37b0eab27b9693af32a1f7f284955517c2cc91f1b88a7ef4738ff03e
  md5: 636077128927cf79fd933276dc3aed47
  depends:
  - __osx >=11.0
  constrains:
  - zlib 1.3.1 *_1
  license: Zlib
  license_family: Other
  size: 46921
  timestamp: 1716874262512
- kind: conda
  name: llvm-openmp
  version: 18.1.8
  build: hde57baf_0
  subdir: osx-arm64
  url: https://conda.anaconda.org/conda-forge/osx-arm64/llvm-openmp-18.1.8-hde57baf_0.conda
  sha256: 42bc913b3c91934a1ce7ff635e87ee48e2e252632f0cbf607c5a3e4409d9f9dd
  md5: 82393fdbe38448d878a8848b6fcbcefb
  depends:
  - __osx >=11.0
  constrains:
  - openmp 18.1.8|18.1.8.*
  license: Apache-2.0 WITH LLVM-exception
  license_family: APACHE
  size: 276438
  timestamp: 1718911793488
- kind: conda
  name: llvm-tools
  version: 16.0.6
  build: haab561b_3
  build_number: 3
  subdir: osx-arm64
  url: https://conda.anaconda.org/conda-forge/osx-arm64/llvm-tools-16.0.6-haab561b_3.conda
  sha256: 64cc3547a2b0a3700a9fa0bd1fd3258156900b48ae73fc1a4b391002ca1462bf
  md5: ca8e3771122c520fbe72af7c83d6d4cd
  depends:
  - libllvm16 16.0.6 haab561b_3
  - libxml2 >=2.12.1,<3.0.0a0
  - libzlib >=1.2.13,<2.0.0a0
  - zstd >=1.5.5,<1.6.0a0
  constrains:
  - llvmdev   16.0.6
  - clang 16.0.6.*
  - clang-tools 16.0.6.*
  - llvm 16.0.6.*
  license: Apache-2.0 WITH LLVM-exception
  license_family: Apache
  size: 20685770
  timestamp: 1701375136405
- kind: conda
  name: mpc
  version: 1.3.1
  build: h91ba8db_0
  subdir: osx-arm64
  url: https://conda.anaconda.org/conda-forge/osx-arm64/mpc-1.3.1-h91ba8db_0.conda
  sha256: 6d8d4f8befca279f022c1c212241ad6672cb347181452555414e277484ad534c
  md5: 362af269d860ae49580f8f032a68b0df
  depends:
  - gmp >=6.2.1,<7.0a0
  - mpfr >=4.1.0,<5.0a0
  license: LGPL-3.0-or-later
  license_family: LGPL
  size: 103657
  timestamp: 1674264097592
- kind: conda
  name: mpfr
  version: 4.2.1
  build: h41d338b_1
  build_number: 1
  subdir: osx-arm64
  url: https://conda.anaconda.org/conda-forge/osx-arm64/mpfr-4.2.1-h41d338b_1.conda
  sha256: a0b183cdf8bd1f2462d965f7a065cbfc32669d95bb6c8f970f7c7f63d2938436
  md5: 616d9bb6983991de582589b9a06e4cea
  depends:
  - gmp >=6.3.0,<7.0a0
  license: LGPL-3.0-only
  license_family: LGPL
  size: 346880
  timestamp: 1712339687453
- kind: conda
  name: openssl
  version: 3.3.1
  build: hfb2fe0b_1
  build_number: 1
  subdir: osx-arm64
  url: https://conda.anaconda.org/conda-forge/osx-arm64/openssl-3.3.1-hfb2fe0b_1.conda
  sha256: 3ab411856c3bef88595473f0dd86e82de4f913f88319548acf262d5b1175b050
  md5: c665dec48e08311096823956642a501c
  depends:
  - __osx >=11.0
  - ca-certificates
  constrains:
  - pyopenssl >=22.1
  license: Apache-2.0
  license_family: Apache
  size: 2897767
  timestamp: 1719363723462
- kind: conda
  name: rust
  version: 1.79.0
  build: h0a17960_0
  subdir: linux-64
  url: https://conda.anaconda.org/conda-forge/linux-64/rust-1.79.0-h0a17960_0.conda
  sha256: 2b3db786c6d762175984f61fa0f2f25dc9ff55e2549f9a3f63c5a25e13b1f0ff
  md5: 5bfcf3677d6839927adbfa81fc3ae231
  depends:
  - __glibc >=2.17,<3.0.a0
  - gcc_impl_linux-64
  - libgcc-ng >=12
  - libzlib >=1.3.1,<2.0a0
  - rust-std-x86_64-unknown-linux-gnu 1.79.0 h2c6d0dc_0
  - sysroot_linux-64 >=2.17
  license: MIT
  license_family: MIT
  size: 195701375
  timestamp: 1718633036741
- kind: conda
  name: rust
  version: 1.79.0
  build: h4ff7c5d_0
  subdir: osx-arm64
  url: https://conda.anaconda.org/conda-forge/osx-arm64/rust-1.79.0-h4ff7c5d_0.conda
  sha256: 1314beea8c1a60563917fb835386c49d3cbf29883d293b788552af8a93ad9d92
  md5: e4b1f3194160f168f777fb454bf2229f
  depends:
  - rust-std-aarch64-apple-darwin 1.79.0 hf6ec828_0
  license: MIT
  license_family: MIT
  size: 195482914
  timestamp: 1718634784281
- kind: conda
  name: rust-std-aarch64-apple-darwin
  version: 1.79.0
  build: hf6ec828_0
  subdir: noarch
  noarch: generic
  url: https://conda.anaconda.org/conda-forge/noarch/rust-std-aarch64-apple-darwin-1.79.0-hf6ec828_0.conda
  sha256: 93ad9be177141bd745bb778ab0c3d0e271e4bd00a79ae306a163c7f1855f09f1
  md5: 93138a7b094a734d74cd980e427f3cd5
  depends:
  - __unix
  constrains:
  - rust >=1.79.0,<1.79.1.0a0
  license: MIT
  license_family: MIT
  size: 30724150
  timestamp: 1718632528157
- kind: conda
  name: rust-std-x86_64-unknown-linux-gnu
  version: 1.79.0
  build: h2c6d0dc_0
  subdir: noarch
  noarch: generic
  url: https://conda.anaconda.org/conda-forge/noarch/rust-std-x86_64-unknown-linux-gnu-1.79.0-h2c6d0dc_0.conda
  sha256: dd81ced04c44c0100369183e6c58e1fdfc5a5976a7036c881de2c75116397f0c
  md5: 2294a1e5fbeef3122347689e75949d96
  depends:
  - __unix
  constrains:
  - rust >=1.79.0,<1.79.1.0a0
  license: MIT
  license_family: MIT
  size: 34298472
  timestamp: 1718632884161
- kind: conda
  name: sigtool
  version: 0.1.3
  build: h44b9a77_0
  subdir: osx-arm64
  url: https://conda.anaconda.org/conda-forge/osx-arm64/sigtool-0.1.3-h44b9a77_0.tar.bz2
  sha256: 70791ae00a3756830cb50451db55f63e2a42a2fa2a8f1bab1ebd36bbb7d55bff
  md5: 4a2cac04f86a4540b8c9b8d8f597848f
  depends:
  - openssl >=3.0.0,<4.0a0
  license: MIT
  license_family: MIT
  size: 210264
  timestamp: 1643442231687
- kind: conda
  name: sysroot_linux-64
  version: '2.28'
  build: he073ed8_2
  build_number: 2
  subdir: noarch
  noarch: generic
  url: https://conda.anaconda.org/conda-forge/noarch/sysroot_linux-64-2.28-he073ed8_2.conda
  sha256: 4d22ee85398cef1da379ef913a6232bafc0c412b1b4ce8ed9c5fd9d8c6d9d3a8
  md5: 32efe63453c3561a03e915a7829c2bb1
  depends:
  - _sysroot_linux-64_curr_repodata_hack 3.*
  - kernel-headers_linux-64 4.18.0 he073ed8_2
  track_features:
  - sysroot_linux-64_2.28 sysroot_linux-64_2.28_feature_2
  license: LGPL-2.0-or-later AND LGPL-2.0-or-later WITH exceptions AND GPL-2.0-or-later AND MPL-2.0
  license_family: GPL
  size: 26421592
  timestamp: 1711086612058
- kind: conda
  name: tapi
  version: 1100.0.11
  build: he4954df_0
  subdir: osx-arm64
  url: https://conda.anaconda.org/conda-forge/osx-arm64/tapi-1100.0.11-he4954df_0.tar.bz2
  sha256: 1709265fbee693a9e8b4126b0a3e68a6c4718b05821c659279c1af051f2d40f3
  md5: d83362e7d0513f35f454bc50b0ca591d
  depends:
  - libcxx >=11.0.0.a0
  license: NCSA
  license_family: MIT
  size: 191416
  timestamp: 1602687595316
- kind: conda
  name: xz
  version: 5.2.6
  build: h57fd34a_0
  subdir: osx-arm64
  url: https://conda.anaconda.org/conda-forge/osx-arm64/xz-5.2.6-h57fd34a_0.tar.bz2
  sha256: 59d78af0c3e071021cfe82dc40134c19dab8cdf804324b62940f5c8cd71803ec
  md5: 39c6b54e94014701dd157f4f576ed211
  license: LGPL-2.1 and GPL-2.0
  size: 235693
  timestamp: 1660346961024
- kind: conda
  name: zlib
  version: 1.3.1
  build: hfb2fe0b_1
  build_number: 1
  subdir: osx-arm64
  url: https://conda.anaconda.org/conda-forge/osx-arm64/zlib-1.3.1-hfb2fe0b_1.conda
  sha256: 87360c2dc662916aac37cf01e53324b4f4f78db6f399220818076752b093ede5
  md5: f27e021db7862b6ddbc1d3578f10d883
  depends:
  - __osx >=11.0
  - libzlib 1.3.1 hfb2fe0b_1
  license: Zlib
  license_family: Other
  size: 78260
  timestamp: 1716874280334
- kind: conda
  name: zstd
  version: 1.5.6
  build: hb46c0d2_0
  subdir: osx-arm64
  url: https://conda.anaconda.org/conda-forge/osx-arm64/zstd-1.5.6-hb46c0d2_0.conda
  sha256: 2d4fd1ff7ee79cd954ca8e81abf11d9d49954dd1fef80f27289e2402ae9c2e09
  md5: d96942c06c3e84bfcc5efb038724a7fd
  depends:
  - __osx >=11.0
  - libzlib >=1.2.13,<2.0.0a0
  license: BSD-3-Clause
  license_family: BSD
  size: 405089
  timestamp: 1714723101397
